
Microsoft Visual Studio Solution File, Format Version 12.00
# Visual Studio Version 16
VisualStudioVersion = 16.0.29709.97
MinimumVisualStudioVersion = 10.0.40219.1
Project("{FAE04EC0-301F-11D3-BF4B-00C04F79EFBC}") = "ECommerceAPI", "ECommerceAPI\ECommerceAPI.csproj", "{4F503FE1-417A-4EF5-A3A7-6E027820B126}"
EndProject
Global
	GlobalSection(SolutionConfigurationPlatforms) = preSolution
		Debug|Any CPU = Debug|Any CPU
		Release|Any CPU = Release|Any CPU
	EndGlobalSection
	GlobalSection(ProjectConfigurationPlatforms) = postSolution
		{4F503FE1-417A-4EF5-A3A7-6E027820B126}.Debug|Any CPU.ActiveCfg = Debug|Any CPU
		{4F503FE1-417A-4EF5-A3A7-6E027820B126}.Debug|Any CPU.Build.0 = Debug|Any CPU
		{4F503FE1-417A-4EF5-A3A7-6E027820B126}.Release|Any CPU.ActiveCfg = Release|Any CPU
		{4F503FE1-417A-4EF5-A3A7-6E027820B126}.Release|Any CPU.Build.0 = Release|Any CPU
	EndGlobalSection
	GlobalSection(SolutionProperties) = preSolution
		HideSolutionNode = FALSE
	EndGlobalSection
	GlobalSection(ExtensibilityGlobals) = postSolution
		SolutionGuid = {6A8A37CC-FAC6-4D74-A38E-17C2D7483D47}
	EndGlobalSection
EndGlobal
